// !$*UTF8*$!
{
	archiveVersion = 1;
	classes = {
	};
	objectVersion = 55;
	objects = {

/* Begin PBXBuildFile section */
		7E0C42C928A56FCD00E03EE8 /* ToDoDataService.swift in Sources */ = {isa = PBXBuildFile; fileRef = 7E0C42C828A56FCD00E03EE8 /* ToDoDataService.swift */; };
		7E0C42CC28A57DA600E03EE8 /* ToDoListViewModel.swift in Sources */ = {isa = PBXBuildFile; fileRef = 7E0C42CB28A57DA600E03EE8 /* ToDoListViewModel.swift */; };
		7E0C42D028AA755100E03EE8 /* ToDoDataServiceProtocol.swift in Sources */ = {isa = PBXBuildFile; fileRef = 7E0C42CF28AA755100E03EE8 /* ToDoDataServiceProtocol.swift */; };
		7E5287E2289D991F003FFB1D /* ToDoItem.swift in Sources */ = {isa = PBXBuildFile; fileRef = 7E5287E1289D991F003FFB1D /* ToDoItem.swift */; };
		7E5287E4289DA0E4003FFB1D /* ToDoList.swift in Sources */ = {isa = PBXBuildFile; fileRef = 7E5287E3289DA0E4003FFB1D /* ToDoList.swift */; };
		7E5287EC28A122F9003FFB1D /* CheckBox.swift in Sources */ = {isa = PBXBuildFile; fileRef = 7E5287EB28A122F9003FFB1D /* CheckBox.swift */; };
		7E5287EE28A129CF003FFB1D /* Checkmark.swift in Sources */ = {isa = PBXBuildFile; fileRef = 7E5287ED28A129CF003FFB1D /* Checkmark.swift */; };
		7E5287F128A17314003FFB1D /* ListGreeter.swift in Sources */ = {isa = PBXBuildFile; fileRef = 7E5287F028A17314003FFB1D /* ListGreeter.swift */; };
		7E5287F328A17CDD003FFB1D /* ListHeader.swift in Sources */ = {isa = PBXBuildFile; fileRef = 7E5287F228A17CDD003FFB1D /* ListHeader.swift */; };
		7E5287F828A17F87003FFB1D /* WorkSans-Medium.ttf in Resources */ = {isa = PBXBuildFile; fileRef = 7E5287F528A17F86003FFB1D /* WorkSans-Medium.ttf */; };
		7E5287F928A17F87003FFB1D /* WorkSans-SemiBold.ttf in Resources */ = {isa = PBXBuildFile; fileRef = 7E5287F628A17F87003FFB1D /* WorkSans-SemiBold.ttf */; };
		7E5287FA28A17F87003FFB1D /* WorkSans-Bold.ttf in Resources */ = {isa = PBXBuildFile; fileRef = 7E5287F728A17F87003FFB1D /* WorkSans-Bold.ttf */; };
		7E5287FE28A1B105003FFB1D /* Welcome.swift in Sources */ = {isa = PBXBuildFile; fileRef = 7E5287FD28A1B104003FFB1D /* Welcome.swift */; };
		7E52880228A2629C003FFB1D /* CreateItem.swift in Sources */ = {isa = PBXBuildFile; fileRef = 7E52880128A2629C003FFB1D /* CreateItem.swift */; };
		7E962B3F289D3EF9008941C8 /* ToDoListApp.swift in Sources */ = {isa = PBXBuildFile; fileRef = 7E962B3E289D3EF9008941C8 /* ToDoListApp.swift */; };
		7E962B41289D3EF9008941C8 /* ContentView.swift in Sources */ = {isa = PBXBuildFile; fileRef = 7E962B40289D3EF9008941C8 /* ContentView.swift */; };
		7E962B43289D3EFE008941C8 /* Assets.xcassets in Resources */ = {isa = PBXBuildFile; fileRef = 7E962B42289D3EFE008941C8 /* Assets.xcassets */; };
		7E962B46289D3EFE008941C8 /* Preview Assets.xcassets in Resources */ = {isa = PBXBuildFile; fileRef = 7E962B45289D3EFE008941C8 /* Preview Assets.xcassets */; };
		7E962B48289D3EFE008941C8 /* Persistence.swift in Sources */ = {isa = PBXBuildFile; fileRef = 7E962B47289D3EFE008941C8 /* Persistence.swift */; };
		7E962B4B289D3EFE008941C8 /* ToDoList.xcdatamodeld in Sources */ = {isa = PBXBuildFile; fileRef = 7E962B49289D3EFE008941C8 /* ToDoList.xcdatamodeld */; };
/* End PBXBuildFile section */

/* Begin PBXFileReference section */
		7E0C42C828A56FCD00E03EE8 /* ToDoDataService.swift */ = {isa = PBXFileReference; lastKnownFileType = sourcecode.swift; path = ToDoDataService.swift; sourceTree = "<group>"; };
		7E0C42CB28A57DA600E03EE8 /* ToDoListViewModel.swift */ = {isa = PBXFileReference; lastKnownFileType = sourcecode.swift; path = ToDoListViewModel.swift; sourceTree = "<group>"; };
		7E0C42CF28AA755100E03EE8 /* ToDoDataServiceProtocol.swift */ = {isa = PBXFileReference; lastKnownFileType = sourcecode.swift; path = ToDoDataServiceProtocol.swift; sourceTree = "<group>"; };
		7E5287E1289D991F003FFB1D /* ToDoItem.swift */ = {isa = PBXFileReference; lastKnownFileType = sourcecode.swift; path = ToDoItem.swift; sourceTree = "<group>"; };
		7E5287E3289DA0E4003FFB1D /* ToDoList.swift */ = {isa = PBXFileReference; lastKnownFileType = sourcecode.swift; path = ToDoList.swift; sourceTree = "<group>"; };
		7E5287EB28A122F9003FFB1D /* CheckBox.swift */ = {isa = PBXFileReference; lastKnownFileType = sourcecode.swift; path = CheckBox.swift; sourceTree = "<group>"; };
		7E5287ED28A129CF003FFB1D /* Checkmark.swift */ = {isa = PBXFileReference; lastKnownFileType = sourcecode.swift; path = Checkmark.swift; sourceTree = "<group>"; };
		7E5287F028A17314003FFB1D /* ListGreeter.swift */ = {isa = PBXFileReference; lastKnownFileType = sourcecode.swift; path = ListGreeter.swift; sourceTree = "<group>"; };
		7E5287F228A17CDD003FFB1D /* ListHeader.swift */ = {isa = PBXFileReference; lastKnownFileType = sourcecode.swift; path = ListHeader.swift; sourceTree = "<group>"; };
		7E5287F528A17F86003FFB1D /* WorkSans-Medium.ttf */ = {isa = PBXFileReference; lastKnownFileType = file; path = "WorkSans-Medium.ttf"; sourceTree = "<group>"; };
		7E5287F628A17F87003FFB1D /* WorkSans-SemiBold.ttf */ = {isa = PBXFileReference; lastKnownFileType = file; path = "WorkSans-SemiBold.ttf"; sourceTree = "<group>"; };
		7E5287F728A17F87003FFB1D /* WorkSans-Bold.ttf */ = {isa = PBXFileReference; lastKnownFileType = file; path = "WorkSans-Bold.ttf"; sourceTree = "<group>"; };
		7E5287FB28A17FD7003FFB1D /* Info.plist */ = {isa = PBXFileReference; lastKnownFileType = text.plist; path = Info.plist; sourceTree = "<group>"; };
		7E5287FD28A1B104003FFB1D /* Welcome.swift */ = {isa = PBXFileReference; lastKnownFileType = sourcecode.swift; path = Welcome.swift; sourceTree = "<group>"; };
		7E52880128A2629C003FFB1D /* CreateItem.swift */ = {isa = PBXFileReference; lastKnownFileType = sourcecode.swift; path = CreateItem.swift; sourceTree = "<group>"; };
		7E962B3B289D3EF9008941C8 /* ToDoList.app */ = {isa = PBXFileReference; explicitFileType = wrapper.application; includeInIndex = 0; path = ToDoList.app; sourceTree = BUILT_PRODUCTS_DIR; };
		7E962B3E289D3EF9008941C8 /* ToDoListApp.swift */ = {isa = PBXFileReference; lastKnownFileType = sourcecode.swift; path = ToDoListApp.swift; sourceTree = "<group>"; };
		7E962B40289D3EF9008941C8 /* ContentView.swift */ = {isa = PBXFileReference; lastKnownFileType = sourcecode.swift; path = ContentView.swift; sourceTree = "<group>"; };
		7E962B42289D3EFE008941C8 /* Assets.xcassets */ = {isa = PBXFileReference; lastKnownFileType = folder.assetcatalog; path = Assets.xcassets; sourceTree = "<group>"; };
		7E962B45289D3EFE008941C8 /* Preview Assets.xcassets */ = {isa = PBXFileReference; lastKnownFileType = folder.assetcatalog; path = "Preview Assets.xcassets"; sourceTree = "<group>"; };
		7E962B47289D3EFE008941C8 /* Persistence.swift */ = {isa = PBXFileReference; lastKnownFileType = sourcecode.swift; path = Persistence.swift; sourceTree = "<group>"; };
		7E962B4A289D3EFE008941C8 /* ToDoList.xcdatamodel */ = {isa = PBXFileReference; lastKnownFileType = wrapper.xcdatamodel; path = ToDoList.xcdatamodel; sourceTree = "<group>"; };
/* End PBXFileReference section */

/* Begin PBXFrameworksBuildPhase section */
		7E962B38289D3EF9008941C8 /* Frameworks */ = {
			isa = PBXFrameworksBuildPhase;
			buildActionMask = 2147483647;
			files = (
			);
			runOnlyForDeploymentPostprocessing = 0;
		};
/* End PBXFrameworksBuildPhase section */

/* Begin PBXGroup section */
		7E0C42CA28A57D6D00E03EE8 /* ViewModel */ = {
			isa = PBXGroup;
			children = (
				7E0C42CB28A57DA600E03EE8 /* ToDoListViewModel.swift */,
			);
			path = ViewModel;
			sourceTree = "<group>";
		};
		7E0C42CD28AA4A7A00E03EE8 /* Services */ = {
			isa = PBXGroup;
			children = (
				7E0C42CE28AA751C00E03EE8 /* ToDoDataService */,
				7E962B47289D3EFE008941C8 /* Persistence.swift */,
			);
			path = Services;
			sourceTree = "<group>";
		};
		7E0C42CE28AA751C00E03EE8 /* ToDoDataService */ = {
			isa = PBXGroup;
			children = (
				7E0C42C828A56FCD00E03EE8 /* ToDoDataService.swift */,
				7E0C42CF28AA755100E03EE8 /* ToDoDataServiceProtocol.swift */,
			);
			path = ToDoDataService;
			sourceTree = "<group>";
		};
		7E5287E5289DA0EB003FFB1D /* Models */ = {
			isa = PBXGroup;
			children = (
				7E962B49289D3EFE008941C8 /* ToDoList.xcdatamodeld */,
			);
			path = Models;
			sourceTree = "<group>";
		};
		7E5287EA28A1135C003FFB1D /* ToDoItem */ = {
			isa = PBXGroup;
			children = (
				7E5287E1289D991F003FFB1D /* ToDoItem.swift */,
				7E5287EB28A122F9003FFB1D /* CheckBox.swift */,
				7E5287ED28A129CF003FFB1D /* Checkmark.swift */,
			);
			path = ToDoItem;
			sourceTree = "<group>";
		};
		7E5287EF28A17293003FFB1D /* ToDoList */ = {
			isa = PBXGroup;
			children = (
				7E5287E3289DA0E4003FFB1D /* ToDoList.swift */,
				7E5287F028A17314003FFB1D /* ListGreeter.swift */,
				7E5287F228A17CDD003FFB1D /* ListHeader.swift */,
				7E52880128A2629C003FFB1D /* CreateItem.swift */,
			);
			path = ToDoList;
			sourceTree = "<group>";
		};
		7E5287F428A17F26003FFB1D /* Fonts */ = {
			isa = PBXGroup;
			children = (
				7E5287F728A17F87003FFB1D /* WorkSans-Bold.ttf */,
				7E5287F528A17F86003FFB1D /* WorkSans-Medium.ttf */,
				7E5287F628A17F87003FFB1D /* WorkSans-SemiBold.ttf */,
			);
			path = Fonts;
			sourceTree = "<group>";
		};
		7E5287FC28A190AA003FFB1D /* WelcomeScreen */ = {
			isa = PBXGroup;
			children = (
				7E5287FD28A1B104003FFB1D /* Welcome.swift */,
			);
			path = WelcomeScreen;
			sourceTree = "<group>";
		};
		7E962B32289D3EF9008941C8 = {
			isa = PBXGroup;
			children = (
				7E962B3D289D3EF9008941C8 /* ToDoList */,
				7E962B3C289D3EF9008941C8 /* Products */,
			);
			sourceTree = "<group>";
		};
		7E962B3C289D3EF9008941C8 /* Products */ = {
			isa = PBXGroup;
			children = (
				7E962B3B289D3EF9008941C8 /* ToDoList.app */,
			);
			name = Products;
			sourceTree = "<group>";
		};
		7E962B3D289D3EF9008941C8 /* ToDoList */ = {
			isa = PBXGroup;
			children = (
				7E5287FB28A17FD7003FFB1D /* Info.plist */,
				7E0C42CD28AA4A7A00E03EE8 /* Services */,
				7E962B3E289D3EF9008941C8 /* ToDoListApp.swift */,
				7E0C42CA28A57D6D00E03EE8 /* ViewModel */,
				7E5287F428A17F26003FFB1D /* Fonts */,
				7E5287E5289DA0EB003FFB1D /* Models */,
				7E962B51289D4454008941C8 /* Views */,
				7E962B42289D3EFE008941C8 /* Assets.xcassets */,
				7E962B44289D3EFE008941C8 /* Preview Content */,
			);
			path = ToDoList;
			sourceTree = "<group>";
		};
		7E962B44289D3EFE008941C8 /* Preview Content */ = {
			isa = PBXGroup;
			children = (
				7E962B45289D3EFE008941C8 /* Preview Assets.xcassets */,
			);
			path = "Preview Content";
			sourceTree = "<group>";
		};
		7E962B51289D4454008941C8 /* Views */ = {
			isa = PBXGroup;
			children = (
				7E962B40289D3EF9008941C8 /* ContentView.swift */,
				7E5287FC28A190AA003FFB1D /* WelcomeScreen */,
				7E5287EA28A1135C003FFB1D /* ToDoItem */,
				7E5287EF28A17293003FFB1D /* ToDoList */,
			);
			path = Views;
			sourceTree = "<group>";
		};
/* End PBXGroup section */

/* Begin PBXNativeTarget section */
		7E962B3A289D3EF9008941C8 /* ToDoList */ = {
			isa = PBXNativeTarget;
			buildConfigurationList = 7E962B4E289D3EFE008941C8 /* Build configuration list for PBXNativeTarget "ToDoList" */;
			buildPhases = (
				7E962B37289D3EF9008941C8 /* Sources */,
				7E962B38289D3EF9008941C8 /* Frameworks */,
				7E962B39289D3EF9008941C8 /* Resources */,
			);
			buildRules = (
			);
			dependencies = (
			);
			name = ToDoList;
			productName = ToDoList;
			productReference = 7E962B3B289D3EF9008941C8 /* ToDoList.app */;
			productType = "com.apple.product-type.application";
		};
/* End PBXNativeTarget section */

/* Begin PBXProject section */
		7E962B33289D3EF9008941C8 /* Project object */ = {
			isa = PBXProject;
			attributes = {
				BuildIndependentTargetsInParallel = 1;
				LastSwiftUpdateCheck = 1320;
				LastUpgradeCheck = 1320;
				TargetAttributes = {
					7E962B3A289D3EF9008941C8 = {
						CreatedOnToolsVersion = 13.2.1;
					};
				};
			};
			buildConfigurationList = 7E962B36289D3EF9008941C8 /* Build configuration list for PBXProject "ToDoList" */;
			compatibilityVersion = "Xcode 13.0";
			developmentRegion = en;
			hasScannedForEncodings = 0;
			knownRegions = (
				en,
				Base,
			);
			mainGroup = 7E962B32289D3EF9008941C8;
			productRefGroup = 7E962B3C289D3EF9008941C8 /* Products */;
			projectDirPath = "";
			projectRoot = "";
			targets = (
				7E962B3A289D3EF9008941C8 /* ToDoList */,
			);
		};
/* End PBXProject section */

/* Begin PBXResourcesBuildPhase section */
		7E962B39289D3EF9008941C8 /* Resources */ = {
			isa = PBXResourcesBuildPhase;
			buildActionMask = 2147483647;
			files = (
				7E962B46289D3EFE008941C8 /* Preview Assets.xcassets in Resources */,
				7E5287F928A17F87003FFB1D /* WorkSans-SemiBold.ttf in Resources */,
				7E5287F828A17F87003FFB1D /* WorkSans-Medium.ttf in Resources */,
				7E962B43289D3EFE008941C8 /* Assets.xcassets in Resources */,
				7E5287FA28A17F87003FFB1D /* WorkSans-Bold.ttf in Resources */,
			);
			runOnlyForDeploymentPostprocessing = 0;
		};
/* End PBXResourcesBuildPhase section */

/* Begin PBXSourcesBuildPhase section */
		7E962B37289D3EF9008941C8 /* Sources */ = {
			isa = PBXSourcesBuildPhase;
			buildActionMask = 2147483647;
			files = (
				7E0C42CC28A57DA600E03EE8 /* ToDoListViewModel.swift in Sources */,
				7E0C42C928A56FCD00E03EE8 /* ToDoDataService.swift in Sources */,
				7E962B48289D3EFE008941C8 /* Persistence.swift in Sources */,
				7E0C42D028AA755100E03EE8 /* ToDoDataServiceProtocol.swift in Sources */,
				7E5287EE28A129CF003FFB1D /* Checkmark.swift in Sources */,
				7E52880228A2629C003FFB1D /* CreateItem.swift in Sources */,
				7E5287EC28A122F9003FFB1D /* CheckBox.swift in Sources */,
				7E5287F328A17CDD003FFB1D /* ListHeader.swift in Sources */,
				7E5287E4289DA0E4003FFB1D /* ToDoList.swift in Sources */,
				7E5287FE28A1B105003FFB1D /* Welcome.swift in Sources */,
				7E962B41289D3EF9008941C8 /* ContentView.swift in Sources */,
				7E5287F128A17314003FFB1D /* ListGreeter.swift in Sources */,
				7E5287E2289D991F003FFB1D /* ToDoItem.swift in Sources */,
				7E962B3F289D3EF9008941C8 /* ToDoListApp.swift in Sources */,
				7E962B4B289D3EFE008941C8 /* ToDoList.xcdatamodeld in Sources */,
			);
			runOnlyForDeploymentPostprocessing = 0;
		};
/* End PBXSourcesBuildPhase section */

/* Begin XCBuildConfiguration section */
		7E962B4C289D3EFE008941C8 /* Debug */ = {
			isa = XCBuildConfiguration;
			buildSettings = {
				ALWAYS_SEARCH_USER_PATHS = NO;
				CLANG_ANALYZER_NONNULL = YES;
				CLANG_ANALYZER_NUMBER_OBJECT_CONVERSION = YES_AGGRESSIVE;
				CLANG_CXX_LANGUAGE_STANDARD = "gnu++17";
				CLANG_CXX_LIBRARY = "libc++";
				CLANG_ENABLE_MODULES = YES;
				CLANG_ENABLE_OBJC_ARC = YES;
				CLANG_ENABLE_OBJC_WEAK = YES;
				CLANG_WARN_BLOCK_CAPTURE_AUTORELEASING = YES;
				CLANG_WARN_BOOL_CONVERSION = YES;
				CLANG_WARN_COMMA = YES;
				CLANG_WARN_CONSTANT_CONVERSION = YES;
				CLANG_WARN_DEPRECATED_OBJC_IMPLEMENTATIONS = YES;
				CLANG_WARN_DIRECT_OBJC_ISA_USAGE = YES_ERROR;
				CLANG_WARN_DOCUMENTATION_COMMENTS = YES;
				CLANG_WARN_EMPTY_BODY = YES;
				CLANG_WARN_ENUM_CONVERSION = YES;
				CLANG_WARN_INFINITE_RECURSION = YES;
				CLANG_WARN_INT_CONVERSION = YES;
				CLANG_WARN_NON_LITERAL_NULL_CONVERSION = YES;
				CLANG_WARN_OBJC_IMPLICIT_RETAIN_SELF = YES;
				CLANG_WARN_OBJC_LITERAL_CONVERSION = YES;
				CLANG_WARN_OBJC_ROOT_CLASS = YES_ERROR;
				CLANG_WARN_QUOTED_INCLUDE_IN_FRAMEWORK_HEADER = YES;
				CLANG_WARN_RANGE_LOOP_ANALYSIS = YES;
				CLANG_WARN_STRICT_PROTOTYPES = YES;
				CLANG_WARN_SUSPICIOUS_MOVE = YES;
				CLANG_WARN_UNGUARDED_AVAILABILITY = YES_AGGRESSIVE;
				CLANG_WARN_UNREACHABLE_CODE = YES;
				CLANG_WARN__DUPLICATE_METHOD_MATCH = YES;
				COPY_PHASE_STRIP = NO;
				DEBUG_INFORMATION_FORMAT = dwarf;
				ENABLE_STRICT_OBJC_MSGSEND = YES;
				ENABLE_TESTABILITY = YES;
				GCC_C_LANGUAGE_STANDARD = gnu11;
				GCC_DYNAMIC_NO_PIC = NO;
				GCC_NO_COMMON_BLOCKS = YES;
				GCC_OPTIMIZATION_LEVEL = 0;
				GCC_PREPROCESSOR_DEFINITIONS = (
					"DEBUG=1",
					"$(inherited)",
				);
				GCC_WARN_64_TO_32_BIT_CONVERSION = YES;
				GCC_WARN_ABOUT_RETURN_TYPE = YES_ERROR;
				GCC_WARN_UNDECLARED_SELECTOR = YES;
				GCC_WARN_UNINITIALIZED_AUTOS = YES_AGGRESSIVE;
				GCC_WARN_UNUSED_FUNCTION = YES;
				GCC_WARN_UNUSED_VARIABLE = YES;
				IPHONEOS_DEPLOYMENT_TARGET = 15.2;
				MTL_ENABLE_DEBUG_INFO = INCLUDE_SOURCE;
				MTL_FAST_MATH = YES;
				ONLY_ACTIVE_ARCH = YES;
				SDKROOT = iphoneos;
				SWIFT_ACTIVE_COMPILATION_CONDITIONS = DEBUG;
				SWIFT_OPTIMIZATION_LEVEL = "-Onone";
			};
			name = Debug;
		};
		7E962B4D289D3EFE008941C8 /* Release */ = {
			isa = XCBuildConfiguration;
			buildSettings = {
				ALWAYS_SEARCH_USER_PATHS = NO;
				CLANG_ANALYZER_NONNULL = YES;
				CLANG_ANALYZER_NUMBER_OBJECT_CONVERSION = YES_AGGRESSIVE;
				CLANG_CXX_LANGUAGE_STANDARD = "gnu++17";
				CLANG_CXX_LIBRARY = "libc++";
				CLANG_ENABLE_MODULES = YES;
				CLANG_ENABLE_OBJC_ARC = YES;
				CLANG_ENABLE_OBJC_WEAK = YES;
				CLANG_WARN_BLOCK_CAPTURE_AUTORELEASING = YES;
				CLANG_WARN_BOOL_CONVERSION = YES;
				CLANG_WARN_COMMA = YES;
				CLANG_WARN_CONSTANT_CONVERSION = YES;
				CLANG_WARN_DEPRECATED_OBJC_IMPLEMENTATIONS = YES;
				CLANG_WARN_DIRECT_OBJC_ISA_USAGE = YES_ERROR;
				CLANG_WARN_DOCUMENTATION_COMMENTS = YES;
				CLANG_WARN_EMPTY_BODY = YES;
				CLANG_WARN_ENUM_CONVERSION = YES;
				CLANG_WARN_INFINITE_RECURSION = YES;
				CLANG_WARN_INT_CONVERSION = YES;
				CLANG_WARN_NON_LITERAL_NULL_CONVERSION = YES;
				CLANG_WARN_OBJC_IMPLICIT_RETAIN_SELF = YES;
				CLANG_WARN_OBJC_LITERAL_CONVERSION = YES;
				CLANG_WARN_OBJC_ROOT_CLASS = YES_ERROR;
				CLANG_WARN_QUOTED_INCLUDE_IN_FRAMEWORK_HEADER = YES;
				CLANG_WARN_RANGE_LOOP_ANALYSIS = YES;
				CLANG_WARN_STRICT_PROTOTYPES = YES;
				CLANG_WARN_SUSPICIOUS_MOVE = YES;
				CLANG_WARN_UNGUARDED_AVAILABILITY = YES_AGGRESSIVE;
				CLANG_WARN_UNREACHABLE_CODE = YES;
				CLANG_WARN__DUPLICATE_METHOD_MATCH = YES;
				COPY_PHASE_STRIP = NO;
				DEBUG_INFORMATION_FORMAT = "dwarf-with-dsym";
				ENABLE_NS_ASSERTIONS = NO;
				ENABLE_STRICT_OBJC_MSGSEND = YES;
				GCC_C_LANGUAGE_STANDARD = gnu11;
				GCC_NO_COMMON_BLOCKS = YES;
				GCC_WARN_64_TO_32_BIT_CONVERSION = YES;
				GCC_WARN_ABOUT_RETURN_TYPE = YES_ERROR;
				GCC_WARN_UNDECLARED_SELECTOR = YES;
				GCC_WARN_UNINITIALIZED_AUTOS = YES_AGGRESSIVE;
				GCC_WARN_UNUSED_FUNCTION = YES;
				GCC_WARN_UNUSED_VARIABLE = YES;
				IPHONEOS_DEPLOYMENT_TARGET = 15.2;
				MTL_ENABLE_DEBUG_INFO = NO;
				MTL_FAST_MATH = YES;
				SDKROOT = iphoneos;
				SWIFT_COMPILATION_MODE = wholemodule;
				SWIFT_OPTIMIZATION_LEVEL = "-O";
				VALIDATE_PRODUCT = YES;
			};
			name = Release;
		};
		7E962B4F289D3EFE008941C8 /* Debug */ = {
			isa = XCBuildConfiguration;
			buildSettings = {
				ASSETCATALOG_COMPILER_APPICON_NAME = AppIcon;
				ASSETCATALOG_COMPILER_GLOBAL_ACCENT_COLOR_NAME = AccentColor;
				CODE_SIGN_STYLE = Automatic;
				CURRENT_PROJECT_VERSION = 1;
				DEVELOPMENT_ASSET_PATHS = "\"ToDoList/Preview Content\"";
				ENABLE_PREVIEWS = YES;
				GENERATE_INFOPLIST_FILE = YES;
				INFOPLIST_FILE = ToDoList/Info.plist;
				INFOPLIST_KEY_UIApplicationSceneManifest_Generation = YES;
				INFOPLIST_KEY_UIApplicationSupportsIndirectInputEvents = YES;
				INFOPLIST_KEY_UILaunchScreen_Generation = YES;
				INFOPLIST_KEY_UISupportedInterfaceOrientations_iPad = "UIInterfaceOrientationPortrait UIInterfaceOrientationPortraitUpsideDown UIInterfaceOrientationLandscapeLeft UIInterfaceOrientationLandscapeRight";
				INFOPLIST_KEY_UISupportedInterfaceOrientations_iPhone = "UIInterfaceOrientationPortrait UIInterfaceOrientationLandscapeLeft UIInterfaceOrientationLandscapeRight";
				LD_RUNPATH_SEARCH_PATHS = (
					"$(inherited)",
					"@executable_path/Frameworks",
				);
				MARKETING_VERSION = 1.0;
				PRODUCT_BUNDLE_IDENTIFIER = com.cheyzie.ToDoList;
				PRODUCT_NAME = "$(TARGET_NAME)";
				SWIFT_EMIT_LOC_STRINGS = YES;
				SWIFT_VERSION = 5.0;
				TARGETED_DEVICE_FAMILY = "1,2";
			};
			name = Debug;
		};
		7E962B50289D3EFE008941C8 /* Release */ = {
			isa = XCBuildConfiguration;
			buildSettings = {
				ASSETCATALOG_COMPILER_APPICON_NAME = AppIcon;
				ASSETCATALOG_COMPILER_GLOBAL_ACCENT_COLOR_NAME = AccentColor;
				CODE_SIGN_STYLE = Automatic;
				CURRENT_PROJECT_VERSION = 1;
				DEVELOPMENT_ASSET_PATHS = "\"ToDoList/Preview Content\"";
				ENABLE_PREVIEWS = YES;
				GENERATE_INFOPLIST_FILE = YES;
				INFOPLIST_FILE = ToDoList/Info.plist;
				INFOPLIST_KEY_UIApplicationSceneManifest_Generation = YES;
				INFOPLIST_KEY_UIApplicationSupportsIndirectInputEvents = YES;
				INFOPLIST_KEY_UILaunchScreen_Generation = YES;
				INFOPLIST_KEY_UISupportedInterfaceOrientations_iPad = "UIInterfaceOrientationPortrait UIInterfaceOrientationPortraitUpsideDown UIInterfaceOrientationLandscapeLeft UIInterfaceOrientationLandscapeRight";
				INFOPLIST_KEY_UISupportedInterfaceOrientations_iPhone = "UIInterfaceOrientationPortrait UIInterfaceOrientationLandscapeLeft UIInterfaceOrientationLandscapeRight";
				LD_RUNPATH_SEARCH_PATHS = (
					"$(inherited)",
					"@executable_path/Frameworks",
				);
				MARKETING_VERSION = 1.0;
				PRODUCT_BUNDLE_IDENTIFIER = com.cheyzie.ToDoList;
				PRODUCT_NAME = "$(TARGET_NAME)";
				SWIFT_EMIT_LOC_STRINGS = YES;
				SWIFT_VERSION = 5.0;
				TARGETED_DEVICE_FAMILY = "1,2";
			};
			name = Release;
		};
/* End XCBuildConfiguration section */

/* Begin XCConfigurationList section */
		7E962B36289D3EF9008941C8 /* Build configuration list for PBXProject "ToDoList" */ = {
			isa = XCConfigurationList;
			buildConfigurations = (
				7E962B4C289D3EFE008941C8 /* Debug */,
				7E962B4D289D3EFE008941C8 /* Release */,
			);
			defaultConfigurationIsVisible = 0;
			defaultConfigurationName = Release;
		};
		7E962B4E289D3EFE008941C8 /* Build configuration list for PBXNativeTarget "ToDoList" */ = {
			isa = XCConfigurationList;
			buildConfigurations = (
				7E962B4F289D3EFE008941C8 /* Debug */,
				7E962B50289D3EFE008941C8 /* Release */,
			);
			defaultConfigurationIsVisible = 0;
			defaultConfigurationName = Release;
		};
/* End XCConfigurationList section */

/* Begin XCVersionGroup section */
		7E962B49289D3EFE008941C8 /* ToDoList.xcdatamodeld */ = {
			isa = XCVersionGroup;
			children = (
				7E962B4A289D3EFE008941C8 /* ToDoList.xcdatamodel */,
			);
			currentVersion = 7E962B4A289D3EFE008941C8 /* ToDoList.xcdatamodel */;
			path = ToDoList.xcdatamodeld;
			sourceTree = "<group>";
			versionGroupType = wrapper.xcdatamodel;
		};
/* End XCVersionGroup section */
	};
	rootObject = 7E962B33289D3EF9008941C8 /* Project object */;
}
